
Microsoft Visual Studio Solution File, Format Version 12.00
# Visual Studio Version 17
VisualStudioVersion = 17.12.35506.116
MinimumVisualStudioVersion = 10.0.40219.1
Project("{FAE04EC0-301F-11D3-BF4B-00C04F79EFBC}") = "Diplom", "Diplom.csproj", "{6B04F55E-99C2-4D31-8B8B-60D06A6857F2}"
EndProject
Project("{FAE04EC0-301F-11D3-BF4B-00C04F79EFBC}") = "Canon_13_12_10_90D", "..\Canon_13_12_10_90D\Canon_13_12_10_90D.csproj", "{C5EC1DA3-93CB-433F-8C24-B6EAA84DE58C}"
EndProject
Project("{FAE04EC0-301F-11D3-BF4B-00C04F79EFBC}") = "ImageEditor", "..\ImageEditor\ImageEditor.csproj", "{2D7E1F2B-2ACB-4D97-8FA8-869852D16471}"
EndProject
Global
	GlobalSection(SolutionConfigurationPlatforms) = preSolution
		Debug|Any CPU = Debug|Any CPU
		Release|Any CPU = Release|Any CPU
	EndGlobalSection
	GlobalSection(ProjectConfigurationPlatforms) = postSolution
		{6B04F55E-99C2-4D31-8B8B-60D06A6857F2}.Debug|Any CPU.ActiveCfg = Debug|Any CPU
		{6B04F55E-99C2-4D31-8B8B-60D06A6857F2}.Debug|Any CPU.Build.0 = Debug|Any CPU
		{6B04F55E-99C2-4D31-8B8B-60D06A6857F2}.Release|Any CPU.ActiveCfg = Release|Any CPU
		{6B04F55E-99C2-4D31-8B8B-60D06A6857F2}.Release|Any CPU.Build.0 = Release|Any CPU
		{C5EC1DA3-93CB-433F-8C24-B6EAA84DE58C}.Debug|Any CPU.ActiveCfg = Debug|Any CPU
		{C5EC1DA3-93CB-433F-8C24-B6EAA84DE58C}.Debug|Any CPU.Build.0 = Debug|Any CPU
		{C5EC1DA3-93CB-433F-8C24-B6EAA84DE58C}.Release|Any CPU.ActiveCfg = Release|Any CPU
		{C5EC1DA3-93CB-433F-8C24-B6EAA84DE58C}.Release|Any CPU.Build.0 = Release|Any CPU
		{2D7E1F2B-2ACB-4D97-8FA8-869852D16471}.Debug|Any CPU.ActiveCfg = Debug|Any CPU
		{2D7E1F2B-2ACB-4D97-8FA8-869852D16471}.Debug|Any CPU.Build.0 = Debug|Any CPU
		{2D7E1F2B-2ACB-4D97-8FA8-869852D16471}.Release|Any CPU.ActiveCfg = Release|Any CPU
		{2D7E1F2B-2ACB-4D97-8FA8-869852D16471}.Release|Any CPU.Build.0 = Release|Any CPU
	EndGlobalSection
	GlobalSection(SolutionProperties) = preSolution
		HideSolutionNode = FALSE
	EndGlobalSection
EndGlobal
